
Microsoft Visual Studio Solution File, Format Version 12.00
# Visual Studio 15
VisualStudioVersion = 15.0.26730.10
MinimumVisualStudioVersion = 10.0.40219.1
Project("{2150E333-8FDC-42A3-9474-1A3956D46DE8}") = "Aula1", "Aula1", "{FEF4B5FF-0CB9-4E72-87E1-0DF879969FBC}"
EndProject
Project("{FAE04EC0-301F-11D3-BF4B-00C04F79EFBC}") = "A11Arrays", "A11Arrays\A11Arrays.csproj", "{1C776F06-7B70-4725-ABB8-578426D3418E}"
EndProject
Project("{2150E333-8FDC-42A3-9474-1A3956D46DE8}") = "Aula2", "Aula2", "{CD416D47-AFAF-421B-BDB1-B4FB000D1291}"
EndProject
Project("{FAE04EC0-301F-11D3-BF4B-00C04F79EFBC}") = "A21Listas", "A21Listas\A21Listas.csproj", "{10FE083B-FFF5-40A5-B014-30907192A4B3}"
EndProject
Project("{FAE04EC0-301F-11D3-BF4B-00C04F79EFBC}") = "A22ListasDeObjetos", "A22ListasDeObjetos\A22ListasDeObjetos.csproj", "{3C921AFF-5687-4D58-A9B4-13528C0A55C3}"
EndProject
Project("{FAE04EC0-301F-11D3-BF4B-00C04F79EFBC}") = "A23ListaSomenteLeitura", "A23ListaSomenteLeitura\A23ListaSomenteLeitura.csproj", "{E2AC43D0-4099-46D1-98B3-C3EE2A82CFD3}"
EndProject
Project("{FAE04EC0-301F-11D3-BF4B-00C04F79EFBC}") = "A24OrdenandoESomando", "A24OrdenandoESomando\A24OrdenandoESomando.csproj", "{042BDB6F-F10B-44DD-BBA3-CCFBC6E68691}"
EndProject
Project("{2150E333-8FDC-42A3-9474-1A3956D46DE8}") = "Aula3", "Aula3", "{C474C0DA-9495-4871-81BB-1C9B0BB16641}"
EndProject
Project("{FAE04EC0-301F-11D3-BF4B-00C04F79EFBC}") = "A31OPoderDosSets", "A31OPoderDosSets\A31OPoderDosSets.csproj", "{4FD9A3FA-D424-4252-BE32-ED9B3A359724}"
EndProject
Project("{FAE04EC0-301F-11D3-BF4B-00C04F79EFBC}") = "A32SetNoModelo", "A32SetNoModelo\A32SetNoModelo.csproj", "{8B347CDB-EF84-492B-9A1C-8F830B1EF756}"
EndProject
Project("{FAE04EC0-301F-11D3-BF4B-00C04F79EFBC}") = "A33EqualsEHashCode", "A33EqualsEHashCode\A33EqualsEHashCode.csproj", "{AD9E49A0-7CE0-44A2-9082-1350D6329EA4}"
EndProject
Project("{2150E333-8FDC-42A3-9474-1A3956D46DE8}") = "Aula4", "Aula4", "{ED7DAE83-3EF8-40CF-961C-81D864B1E1DA}"
EndProject
Project("{FAE04EC0-301F-11D3-BF4B-00C04F79EFBC}") = "A41Dicionarios", "A41Dicionarios\A41Dicionarios.csproj", "{4F23FE24-7C18-4839-AA17-E3E7BF141F19}"
EndProject
Project("{2150E333-8FDC-42A3-9474-1A3956D46DE8}") = "Aula5", "Aula5", "{B3D811AD-AA8E-4C35-B877-93B4E5D54A69}"
EndProject
Project("{FAE04EC0-301F-11D3-BF4B-00C04F79EFBC}") = "A51LinkedList", "A51LinkedList\A51LinkedList.csproj", "{08E517F0-ECE0-4954-AEFA-A40CD2FFDEE5}"
EndProject
Project("{FAE04EC0-301F-11D3-BF4B-00C04F79EFBC}") = "A52Stack", "A52Stack\A52Stack.csproj", "{B65A7695-CFAF-44FE-8B45-A6861983B815}"
EndProject
Project("{FAE04EC0-301F-11D3-BF4B-00C04F79EFBC}") = "A53Queue", "A53Queue\A53Queue.csproj", "{700C262F-DA36-4D73-AD8F-431F962D5B74}"
EndProject
Project("{2150E333-8FDC-42A3-9474-1A3956D46DE8}") = "Aula6", "Aula6", "{FF684366-227C-4DD2-BC84-07D19721F521}"
EndProject
Project("{FAE04EC0-301F-11D3-BF4B-00C04F79EFBC}") = "A2ListasDePixels", "A2ListasDePixels\A2ListasDePixels.csproj", "{AFCC5C7B-6FAF-4C33-A9B3-16C0AD3F24C1}"
EndProject
Project("{FAE04EC0-301F-11D3-BF4B-00C04F79EFBC}") = "A3ConjuntosDePaises", "A3ConjuntosDePaises\A3ConjuntosDePaises.csproj", "{DC518A94-89D1-4454-9C2F-9517FE063BA0}"
EndProject
Project("{FAE04EC0-301F-11D3-BF4B-00C04F79EFBC}") = "A5Pintura", "A5Pintura\A5Pintura.csproj", "{D9BD3D65-20A9-40F9-B60F-7F15F7ABFD37}"
EndProject
Project("{FAE04EC0-301F-11D3-BF4B-00C04F79EFBC}") = "A1IconFromByteArray", "A1IconFromBytes\A1IconFromByteArray.csproj", "{DEC34FD6-227A-45EF-8C9B-1CD4F6310431}"
EndProject
Global
	GlobalSection(SolutionConfigurationPlatforms) = preSolution
		Debug|Any CPU = Debug|Any CPU
		Release|Any CPU = Release|Any CPU
	EndGlobalSection
	GlobalSection(ProjectConfigurationPlatforms) = postSolution
		{1C776F06-7B70-4725-ABB8-578426D3418E}.Debug|Any CPU.ActiveCfg = Debug|Any CPU
		{1C776F06-7B70-4725-ABB8-578426D3418E}.Debug|Any CPU.Build.0 = Debug|Any CPU
		{1C776F06-7B70-4725-ABB8-578426D3418E}.Release|Any CPU.ActiveCfg = Release|Any CPU
		{1C776F06-7B70-4725-ABB8-578426D3418E}.Release|Any CPU.Build.0 = Release|Any CPU
		{10FE083B-FFF5-40A5-B014-30907192A4B3}.Debug|Any CPU.ActiveCfg = Debug|Any CPU
		{10FE083B-FFF5-40A5-B014-30907192A4B3}.Debug|Any CPU.Build.0 = Debug|Any CPU
		{10FE083B-FFF5-40A5-B014-30907192A4B3}.Release|Any CPU.ActiveCfg = Release|Any CPU
		{10FE083B-FFF5-40A5-B014-30907192A4B3}.Release|Any CPU.Build.0 = Release|Any CPU
		{3C921AFF-5687-4D58-A9B4-13528C0A55C3}.Debug|Any CPU.ActiveCfg = Debug|Any CPU
		{3C921AFF-5687-4D58-A9B4-13528C0A55C3}.Debug|Any CPU.Build.0 = Debug|Any CPU
		{3C921AFF-5687-4D58-A9B4-13528C0A55C3}.Release|Any CPU.ActiveCfg = Release|Any CPU
		{3C921AFF-5687-4D58-A9B4-13528C0A55C3}.Release|Any CPU.Build.0 = Release|Any CPU
		{E2AC43D0-4099-46D1-98B3-C3EE2A82CFD3}.Debug|Any CPU.ActiveCfg = Debug|Any CPU
		{E2AC43D0-4099-46D1-98B3-C3EE2A82CFD3}.Debug|Any CPU.Build.0 = Debug|Any CPU
		{E2AC43D0-4099-46D1-98B3-C3EE2A82CFD3}.Release|Any CPU.ActiveCfg = Release|Any CPU
		{E2AC43D0-4099-46D1-98B3-C3EE2A82CFD3}.Release|Any CPU.Build.0 = Release|Any CPU
		{042BDB6F-F10B-44DD-BBA3-CCFBC6E68691}.Debug|Any CPU.ActiveCfg = Debug|Any CPU
		{042BDB6F-F10B-44DD-BBA3-CCFBC6E68691}.Debug|Any CPU.Build.0 = Debug|Any CPU
		{042BDB6F-F10B-44DD-BBA3-CCFBC6E68691}.Release|Any CPU.ActiveCfg = Release|Any CPU
		{042BDB6F-F10B-44DD-BBA3-CCFBC6E68691}.Release|Any CPU.Build.0 = Release|Any CPU
		{4FD9A3FA-D424-4252-BE32-ED9B3A359724}.Debug|Any CPU.ActiveCfg = Debug|Any CPU
		{4FD9A3FA-D424-4252-BE32-ED9B3A359724}.Debug|Any CPU.Build.0 = Debug|Any CPU
		{4FD9A3FA-D424-4252-BE32-ED9B3A359724}.Release|Any CPU.ActiveCfg = Release|Any CPU
		{4FD9A3FA-D424-4252-BE32-ED9B3A359724}.Release|Any CPU.Build.0 = Release|Any CPU
		{8B347CDB-EF84-492B-9A1C-8F830B1EF756}.Debug|Any CPU.ActiveCfg = Debug|Any CPU
		{8B347CDB-EF84-492B-9A1C-8F830B1EF756}.Debug|Any CPU.Build.0 = Debug|Any CPU
		{8B347CDB-EF84-492B-9A1C-8F830B1EF756}.Release|Any CPU.ActiveCfg = Release|Any CPU
		{8B347CDB-EF84-492B-9A1C-8F830B1EF756}.Release|Any CPU.Build.0 = Release|Any CPU
		{AD9E49A0-7CE0-44A2-9082-1350D6329EA4}.Debug|Any CPU.ActiveCfg = Debug|Any CPU
		{AD9E49A0-7CE0-44A2-9082-1350D6329EA4}.Debug|Any CPU.Build.0 = Debug|Any CPU
		{AD9E49A0-7CE0-44A2-9082-1350D6329EA4}.Release|Any CPU.ActiveCfg = Release|Any CPU
		{AD9E49A0-7CE0-44A2-9082-1350D6329EA4}.Release|Any CPU.Build.0 = Release|Any CPU
		{4F23FE24-7C18-4839-AA17-E3E7BF141F19}.Debug|Any CPU.ActiveCfg = Debug|Any CPU
		{4F23FE24-7C18-4839-AA17-E3E7BF141F19}.Debug|Any CPU.Build.0 = Debug|Any CPU
		{4F23FE24-7C18-4839-AA17-E3E7BF141F19}.Release|Any CPU.ActiveCfg = Release|Any CPU
		{4F23FE24-7C18-4839-AA17-E3E7BF141F19}.Release|Any CPU.Build.0 = Release|Any CPU
		{08E517F0-ECE0-4954-AEFA-A40CD2FFDEE5}.Debug|Any CPU.ActiveCfg = Debug|Any CPU
		{08E517F0-ECE0-4954-AEFA-A40CD2FFDEE5}.Debug|Any CPU.Build.0 = Debug|Any CPU
		{08E517F0-ECE0-4954-AEFA-A40CD2FFDEE5}.Release|Any CPU.ActiveCfg = Release|Any CPU
		{08E517F0-ECE0-4954-AEFA-A40CD2FFDEE5}.Release|Any CPU.Build.0 = Release|Any CPU
		{B65A7695-CFAF-44FE-8B45-A6861983B815}.Debug|Any CPU.ActiveCfg = Debug|Any CPU
		{B65A7695-CFAF-44FE-8B45-A6861983B815}.Debug|Any CPU.Build.0 = Debug|Any CPU
		{B65A7695-CFAF-44FE-8B45-A6861983B815}.Release|Any CPU.ActiveCfg = Release|Any CPU
		{B65A7695-CFAF-44FE-8B45-A6861983B815}.Release|Any CPU.Build.0 = Release|Any CPU
		{700C262F-DA36-4D73-AD8F-431F962D5B74}.Debug|Any CPU.ActiveCfg = Debug|Any CPU
		{700C262F-DA36-4D73-AD8F-431F962D5B74}.Debug|Any CPU.Build.0 = Debug|Any CPU
		{700C262F-DA36-4D73-AD8F-431F962D5B74}.Release|Any CPU.ActiveCfg = Release|Any CPU
		{700C262F-DA36-4D73-AD8F-431F962D5B74}.Release|Any CPU.Build.0 = Release|Any CPU
		{AFCC5C7B-6FAF-4C33-A9B3-16C0AD3F24C1}.Debug|Any CPU.ActiveCfg = Debug|Any CPU
		{AFCC5C7B-6FAF-4C33-A9B3-16C0AD3F24C1}.Debug|Any CPU.Build.0 = Debug|Any CPU
		{AFCC5C7B-6FAF-4C33-A9B3-16C0AD3F24C1}.Release|Any CPU.ActiveCfg = Release|Any CPU
		{AFCC5C7B-6FAF-4C33-A9B3-16C0AD3F24C1}.Release|Any CPU.Build.0 = Release|Any CPU
		{DC518A94-89D1-4454-9C2F-9517FE063BA0}.Debug|Any CPU.ActiveCfg = Debug|Any CPU
		{DC518A94-89D1-4454-9C2F-9517FE063BA0}.Debug|Any CPU.Build.0 = Debug|Any CPU
		{DC518A94-89D1-4454-9C2F-9517FE063BA0}.Release|Any CPU.ActiveCfg = Release|Any CPU
		{DC518A94-89D1-4454-9C2F-9517FE063BA0}.Release|Any CPU.Build.0 = Release|Any CPU
		{D9BD3D65-20A9-40F9-B60F-7F15F7ABFD37}.Debug|Any CPU.ActiveCfg = Debug|Any CPU
		{D9BD3D65-20A9-40F9-B60F-7F15F7ABFD37}.Debug|Any CPU.Build.0 = Debug|Any CPU
		{D9BD3D65-20A9-40F9-B60F-7F15F7ABFD37}.Release|Any CPU.ActiveCfg = Release|Any CPU
		{D9BD3D65-20A9-40F9-B60F-7F15F7ABFD37}.Release|Any CPU.Build.0 = Release|Any CPU
		{DEC34FD6-227A-45EF-8C9B-1CD4F6310431}.Debug|Any CPU.ActiveCfg = Debug|Any CPU
		{DEC34FD6-227A-45EF-8C9B-1CD4F6310431}.Debug|Any CPU.Build.0 = Debug|Any CPU
		{DEC34FD6-227A-45EF-8C9B-1CD4F6310431}.Release|Any CPU.ActiveCfg = Release|Any CPU
		{DEC34FD6-227A-45EF-8C9B-1CD4F6310431}.Release|Any CPU.Build.0 = Release|Any CPU
	EndGlobalSection
	GlobalSection(SolutionProperties) = preSolution
		HideSolutionNode = FALSE
	EndGlobalSection
	GlobalSection(NestedProjects) = preSolution
		{1C776F06-7B70-4725-ABB8-578426D3418E} = {FEF4B5FF-0CB9-4E72-87E1-0DF879969FBC}
		{10FE083B-FFF5-40A5-B014-30907192A4B3} = {CD416D47-AFAF-421B-BDB1-B4FB000D1291}
		{3C921AFF-5687-4D58-A9B4-13528C0A55C3} = {CD416D47-AFAF-421B-BDB1-B4FB000D1291}
		{E2AC43D0-4099-46D1-98B3-C3EE2A82CFD3} = {CD416D47-AFAF-421B-BDB1-B4FB000D1291}
		{042BDB6F-F10B-44DD-BBA3-CCFBC6E68691} = {CD416D47-AFAF-421B-BDB1-B4FB000D1291}
		{4FD9A3FA-D424-4252-BE32-ED9B3A359724} = {C474C0DA-9495-4871-81BB-1C9B0BB16641}
		{8B347CDB-EF84-492B-9A1C-8F830B1EF756} = {C474C0DA-9495-4871-81BB-1C9B0BB16641}
		{AD9E49A0-7CE0-44A2-9082-1350D6329EA4} = {C474C0DA-9495-4871-81BB-1C9B0BB16641}
		{4F23FE24-7C18-4839-AA17-E3E7BF141F19} = {ED7DAE83-3EF8-40CF-961C-81D864B1E1DA}
		{08E517F0-ECE0-4954-AEFA-A40CD2FFDEE5} = {B3D811AD-AA8E-4C35-B877-93B4E5D54A69}
		{B65A7695-CFAF-44FE-8B45-A6861983B815} = {B3D811AD-AA8E-4C35-B877-93B4E5D54A69}
		{700C262F-DA36-4D73-AD8F-431F962D5B74} = {B3D811AD-AA8E-4C35-B877-93B4E5D54A69}
		{AFCC5C7B-6FAF-4C33-A9B3-16C0AD3F24C1} = {FF684366-227C-4DD2-BC84-07D19721F521}
		{DC518A94-89D1-4454-9C2F-9517FE063BA0} = {FF684366-227C-4DD2-BC84-07D19721F521}
		{D9BD3D65-20A9-40F9-B60F-7F15F7ABFD37} = {FF684366-227C-4DD2-BC84-07D19721F521}
		{DEC34FD6-227A-45EF-8C9B-1CD4F6310431} = {FF684366-227C-4DD2-BC84-07D19721F521}
	EndGlobalSection
	GlobalSection(ExtensibilityGlobals) = postSolution
		SolutionGuid = {86E8BB60-C8F5-4192-87E1-A812FC82C0FE}
	EndGlobalSection
EndGlobal
